
Microsoft Visual Studio Solution File, Format Version 12.00
Project("{FAE04EC0-301F-11D3-BF4B-00C04F79EFBC}") = "Presentation", "Presentation\Presentation.csproj", "{8ADE8B8C-4D0A-49B4-8A75-5C2379FA5B8E}"
EndProject
Project("{FAE04EC0-301F-11D3-BF4B-00C04F79EFBC}") = "Tests", "Tests\Tests.csproj", "{50E17D73-72C5-4762-8FAF-ECA534325EB4}"
EndProject
Project("{2150E333-8FDC-42A3-9474-1A3956D46DE8}") = "Solution Items", "Solution Items", "{0256EFB3-E537-4E5B-827F-7869785FBEF2}"
	ProjectSection(SolutionItems) = preProject
		compose.yaml = compose.yaml
	EndProjectSection
EndProject
Project("{FAE04EC0-301F-11D3-BF4B-00C04F79EFBC}") = "Application", "Application\Application.csproj", "{3D8C3D7E-ECCD-4D27-9708-9102891B75DF}"
EndProject
Project("{FAE04EC0-301F-11D3-BF4B-00C04F79EFBC}") = "Domain", "Domain\Domain.csproj", "{CB62D090-BDCB-41B6-AAE0-82979C5F7A65}"
EndProject
Project("{FAE04EC0-301F-11D3-BF4B-00C04F79EFBC}") = "Infrastructure", "Infrastructure\Infrastructure.csproj", "{8213A162-AC89-4651-9A92-E474AE1ED2EF}"
EndProject
Global
	GlobalSection(SolutionConfigurationPlatforms) = preSolution
		Debug|Any CPU = Debug|Any CPU
		Release|Any CPU = Release|Any CPU
	EndGlobalSection
	GlobalSection(NestedProjects) = preSolution
	EndGlobalSection
	GlobalSection(ProjectConfigurationPlatforms) = postSolution
		{8ADE8B8C-4D0A-49B4-8A75-5C2379FA5B8E}.Debug|Any CPU.ActiveCfg = Debug|Any CPU
		{8ADE8B8C-4D0A-49B4-8A75-5C2379FA5B8E}.Debug|Any CPU.Build.0 = Debug|Any CPU
		{8ADE8B8C-4D0A-49B4-8A75-5C2379FA5B8E}.Release|Any CPU.ActiveCfg = Release|Any CPU
		{8ADE8B8C-4D0A-49B4-8A75-5C2379FA5B8E}.Release|Any CPU.Build.0 = Release|Any CPU
		{50E17D73-72C5-4762-8FAF-ECA534325EB4}.Debug|Any CPU.ActiveCfg = Debug|Any CPU
		{50E17D73-72C5-4762-8FAF-ECA534325EB4}.Debug|Any CPU.Build.0 = Debug|Any CPU
		{50E17D73-72C5-4762-8FAF-ECA534325EB4}.Release|Any CPU.ActiveCfg = Release|Any CPU
		{50E17D73-72C5-4762-8FAF-ECA534325EB4}.Release|Any CPU.Build.0 = Release|Any CPU
		{3D8C3D7E-ECCD-4D27-9708-9102891B75DF}.Debug|Any CPU.ActiveCfg = Debug|Any CPU
		{3D8C3D7E-ECCD-4D27-9708-9102891B75DF}.Debug|Any CPU.Build.0 = Debug|Any CPU
		{3D8C3D7E-ECCD-4D27-9708-9102891B75DF}.Release|Any CPU.ActiveCfg = Release|Any CPU
		{3D8C3D7E-ECCD-4D27-9708-9102891B75DF}.Release|Any CPU.Build.0 = Release|Any CPU
		{CB62D090-BDCB-41B6-AAE0-82979C5F7A65}.Debug|Any CPU.ActiveCfg = Debug|Any CPU
		{CB62D090-BDCB-41B6-AAE0-82979C5F7A65}.Debug|Any CPU.Build.0 = Debug|Any CPU
		{CB62D090-BDCB-41B6-AAE0-82979C5F7A65}.Release|Any CPU.ActiveCfg = Release|Any CPU
		{CB62D090-BDCB-41B6-AAE0-82979C5F7A65}.Release|Any CPU.Build.0 = Release|Any CPU
		{8213A162-AC89-4651-9A92-E474AE1ED2EF}.Debug|Any CPU.ActiveCfg = Debug|Any CPU
		{8213A162-AC89-4651-9A92-E474AE1ED2EF}.Debug|Any CPU.Build.0 = Debug|Any CPU
		{8213A162-AC89-4651-9A92-E474AE1ED2EF}.Release|Any CPU.ActiveCfg = Release|Any CPU
		{8213A162-AC89-4651-9A92-E474AE1ED2EF}.Release|Any CPU.Build.0 = Release|Any CPU
	EndGlobalSection
EndGlobal
