
Microsoft Visual Studio Solution File, Format Version 12.00
Project("{2150E333-8FDC-42A3-9474-1A3956D46DE8}") = "Domain", "Domain", "{55D694F9-D6D9-4FC1-B512-604E93E974DF}"
EndProject
Project("{2150E333-8FDC-42A3-9474-1A3956D46DE8}") = "Presentation", "Presentation", "{DB81D7F5-E16A-40B7-AA2A-8AF6FEA376A0}"
EndProject
Project("{2150E333-8FDC-42A3-9474-1A3956D46DE8}") = "Service", "Service", "{A7351363-2F8D-4472-B99C-29A0A5B993A4}"
EndProject
Project("{2150E333-8FDC-42A3-9474-1A3956D46DE8}") = "Shared", "Shared", "{0EC06A3B-FEB7-40BF-8899-337F513BBD5A}"
EndProject
Project("{2150E333-8FDC-42A3-9474-1A3956D46DE8}") = "Tests", "Tests", "{10990BAA-5CE4-451B-A487-3E432FFC0757}"
EndProject
Project("{FAE04EC0-301F-11D3-BF4B-00C04F79EFBC}") = "Domain.Contracts", "Domain.Contracts\Domain.Contracts.csproj", "{C2840E2A-E528-480B-B810-C18414D42F34}"
EndProject
Project("{FAE04EC0-301F-11D3-BF4B-00C04F79EFBC}") = "Domain.Entities", "Domain.Entities\Domain.Entities.csproj", "{C50BDC4A-405D-42BD-BF73-A0DDC6B723C6}"
EndProject
Project("{FAE04EC0-301F-11D3-BF4B-00C04F79EFBC}") = "Domain.Repository", "Domain.Repository\Domain.Repository.csproj", "{F409A400-0B24-4C37-B68E-55B6B7F9704F}"
EndProject
Project("{FAE04EC0-301F-11D3-BF4B-00C04F79EFBC}") = "Presentation.Core", "Presentation.Core\Presentation.Core.csproj", "{811049F0-1DAD-4E53-96A4-46E068362D08}"
EndProject
Project("{FAE04EC0-301F-11D3-BF4B-00C04F79EFBC}") = "Service.Contracts", "Service.Contracts\Service.Contracts.csproj", "{FBE24DCC-04C4-4DB5-91EF-ADF5F77554DE}"
EndProject
Project("{FAE04EC0-301F-11D3-BF4B-00C04F79EFBC}") = "Service.Services", "Service.Services\Service.Services.csproj", "{A78CEA10-FF1B-4B51-B12C-6A62AA2A26A4}"
EndProject
Project("{FAE04EC0-301F-11D3-BF4B-00C04F79EFBC}") = "Presentation.WebApi", "Presentation.WebApi\Presentation.WebApi.csproj", "{8ADE8B8C-4D0A-49B4-8A75-5C2379FA5B8E}"
EndProject
Project("{FAE04EC0-301F-11D3-BF4B-00C04F79EFBC}") = "Shared.DTO", "Shared.DTO\Shared.DTO.csproj", "{120E8BDF-ADD0-43D3-9A47-8EF9CA6D43B6}"
EndProject
Project("{FAE04EC0-301F-11D3-BF4B-00C04F79EFBC}") = "Shared.RequestFeatures", "Shared.RequestFeatures\Shared.RequestFeatures.csproj", "{E1079E59-FFA4-4954-AE65-EFDBA33BEF09}"
EndProject
Project("{FAE04EC0-301F-11D3-BF4B-00C04F79EFBC}") = "Shared.Logger", "Shared.Logger\Shared.Logger.csproj", "{B14CE3AE-B460-4325-A351-EC3B7483D759}"
EndProject
Project("{FAE04EC0-301F-11D3-BF4B-00C04F79EFBC}") = "Shared.Validators", "Shared.Validators\Shared.Validators.csproj", "{4BF0DC03-368B-429B-BF94-A7D3478A7E6D}"
EndProject
Global
	GlobalSection(SolutionConfigurationPlatforms) = preSolution
		Debug|Any CPU = Debug|Any CPU
		Release|Any CPU = Release|Any CPU
	EndGlobalSection
	GlobalSection(NestedProjects) = preSolution
		{C2840E2A-E528-480B-B810-C18414D42F34} = {55D694F9-D6D9-4FC1-B512-604E93E974DF}
		{C50BDC4A-405D-42BD-BF73-A0DDC6B723C6} = {55D694F9-D6D9-4FC1-B512-604E93E974DF}
		{F409A400-0B24-4C37-B68E-55B6B7F9704F} = {55D694F9-D6D9-4FC1-B512-604E93E974DF}
		{811049F0-1DAD-4E53-96A4-46E068362D08} = {DB81D7F5-E16A-40B7-AA2A-8AF6FEA376A0}
		{FBE24DCC-04C4-4DB5-91EF-ADF5F77554DE} = {A7351363-2F8D-4472-B99C-29A0A5B993A4}
		{A78CEA10-FF1B-4B51-B12C-6A62AA2A26A4} = {A7351363-2F8D-4472-B99C-29A0A5B993A4}
		{120E8BDF-ADD0-43D3-9A47-8EF9CA6D43B6} = {0EC06A3B-FEB7-40BF-8899-337F513BBD5A}
		{E1079E59-FFA4-4954-AE65-EFDBA33BEF09} = {0EC06A3B-FEB7-40BF-8899-337F513BBD5A}
		{B14CE3AE-B460-4325-A351-EC3B7483D759} = {0EC06A3B-FEB7-40BF-8899-337F513BBD5A}
		{8ADE8B8C-4D0A-49B4-8A75-5C2379FA5B8E} = {DB81D7F5-E16A-40B7-AA2A-8AF6FEA376A0}
		{4BF0DC03-368B-429B-BF94-A7D3478A7E6D} = {0EC06A3B-FEB7-40BF-8899-337F513BBD5A}
	EndGlobalSection
	GlobalSection(ProjectConfigurationPlatforms) = postSolution
		{C2840E2A-E528-480B-B810-C18414D42F34}.Debug|Any CPU.ActiveCfg = Debug|Any CPU
		{C2840E2A-E528-480B-B810-C18414D42F34}.Debug|Any CPU.Build.0 = Debug|Any CPU
		{C2840E2A-E528-480B-B810-C18414D42F34}.Release|Any CPU.ActiveCfg = Release|Any CPU
		{C2840E2A-E528-480B-B810-C18414D42F34}.Release|Any CPU.Build.0 = Release|Any CPU
		{C50BDC4A-405D-42BD-BF73-A0DDC6B723C6}.Debug|Any CPU.ActiveCfg = Debug|Any CPU
		{C50BDC4A-405D-42BD-BF73-A0DDC6B723C6}.Debug|Any CPU.Build.0 = Debug|Any CPU
		{C50BDC4A-405D-42BD-BF73-A0DDC6B723C6}.Release|Any CPU.ActiveCfg = Release|Any CPU
		{C50BDC4A-405D-42BD-BF73-A0DDC6B723C6}.Release|Any CPU.Build.0 = Release|Any CPU
		{F409A400-0B24-4C37-B68E-55B6B7F9704F}.Debug|Any CPU.ActiveCfg = Debug|Any CPU
		{F409A400-0B24-4C37-B68E-55B6B7F9704F}.Debug|Any CPU.Build.0 = Debug|Any CPU
		{F409A400-0B24-4C37-B68E-55B6B7F9704F}.Release|Any CPU.ActiveCfg = Release|Any CPU
		{F409A400-0B24-4C37-B68E-55B6B7F9704F}.Release|Any CPU.Build.0 = Release|Any CPU
		{811049F0-1DAD-4E53-96A4-46E068362D08}.Debug|Any CPU.ActiveCfg = Debug|Any CPU
		{811049F0-1DAD-4E53-96A4-46E068362D08}.Debug|Any CPU.Build.0 = Debug|Any CPU
		{811049F0-1DAD-4E53-96A4-46E068362D08}.Release|Any CPU.ActiveCfg = Release|Any CPU
		{811049F0-1DAD-4E53-96A4-46E068362D08}.Release|Any CPU.Build.0 = Release|Any CPU
		{FBE24DCC-04C4-4DB5-91EF-ADF5F77554DE}.Debug|Any CPU.ActiveCfg = Debug|Any CPU
		{FBE24DCC-04C4-4DB5-91EF-ADF5F77554DE}.Debug|Any CPU.Build.0 = Debug|Any CPU
		{FBE24DCC-04C4-4DB5-91EF-ADF5F77554DE}.Release|Any CPU.ActiveCfg = Release|Any CPU
		{FBE24DCC-04C4-4DB5-91EF-ADF5F77554DE}.Release|Any CPU.Build.0 = Release|Any CPU
		{A78CEA10-FF1B-4B51-B12C-6A62AA2A26A4}.Debug|Any CPU.ActiveCfg = Debug|Any CPU
		{A78CEA10-FF1B-4B51-B12C-6A62AA2A26A4}.Debug|Any CPU.Build.0 = Debug|Any CPU
		{A78CEA10-FF1B-4B51-B12C-6A62AA2A26A4}.Release|Any CPU.ActiveCfg = Release|Any CPU
		{A78CEA10-FF1B-4B51-B12C-6A62AA2A26A4}.Release|Any CPU.Build.0 = Release|Any CPU
		{8ADE8B8C-4D0A-49B4-8A75-5C2379FA5B8E}.Debug|Any CPU.ActiveCfg = Debug|Any CPU
		{8ADE8B8C-4D0A-49B4-8A75-5C2379FA5B8E}.Debug|Any CPU.Build.0 = Debug|Any CPU
		{8ADE8B8C-4D0A-49B4-8A75-5C2379FA5B8E}.Release|Any CPU.ActiveCfg = Release|Any CPU
		{8ADE8B8C-4D0A-49B4-8A75-5C2379FA5B8E}.Release|Any CPU.Build.0 = Release|Any CPU
		{120E8BDF-ADD0-43D3-9A47-8EF9CA6D43B6}.Debug|Any CPU.ActiveCfg = Debug|Any CPU
		{120E8BDF-ADD0-43D3-9A47-8EF9CA6D43B6}.Debug|Any CPU.Build.0 = Debug|Any CPU
		{120E8BDF-ADD0-43D3-9A47-8EF9CA6D43B6}.Release|Any CPU.ActiveCfg = Release|Any CPU
		{120E8BDF-ADD0-43D3-9A47-8EF9CA6D43B6}.Release|Any CPU.Build.0 = Release|Any CPU
		{E1079E59-FFA4-4954-AE65-EFDBA33BEF09}.Debug|Any CPU.ActiveCfg = Debug|Any CPU
		{E1079E59-FFA4-4954-AE65-EFDBA33BEF09}.Debug|Any CPU.Build.0 = Debug|Any CPU
		{E1079E59-FFA4-4954-AE65-EFDBA33BEF09}.Release|Any CPU.ActiveCfg = Release|Any CPU
		{E1079E59-FFA4-4954-AE65-EFDBA33BEF09}.Release|Any CPU.Build.0 = Release|Any CPU
		{B14CE3AE-B460-4325-A351-EC3B7483D759}.Debug|Any CPU.ActiveCfg = Debug|Any CPU
		{B14CE3AE-B460-4325-A351-EC3B7483D759}.Debug|Any CPU.Build.0 = Debug|Any CPU
		{B14CE3AE-B460-4325-A351-EC3B7483D759}.Release|Any CPU.ActiveCfg = Release|Any CPU
		{B14CE3AE-B460-4325-A351-EC3B7483D759}.Release|Any CPU.Build.0 = Release|Any CPU
		{4BF0DC03-368B-429B-BF94-A7D3478A7E6D}.Debug|Any CPU.ActiveCfg = Debug|Any CPU
		{4BF0DC03-368B-429B-BF94-A7D3478A7E6D}.Debug|Any CPU.Build.0 = Debug|Any CPU
		{4BF0DC03-368B-429B-BF94-A7D3478A7E6D}.Release|Any CPU.ActiveCfg = Release|Any CPU
		{4BF0DC03-368B-429B-BF94-A7D3478A7E6D}.Release|Any CPU.Build.0 = Release|Any CPU
	EndGlobalSection
EndGlobal
